// !$*UTF8*$!
{
	archiveVersion = 1;
	classes = {
	};
	objectVersion = 55;
	objects = {

/* Begin PBXBuildFile section */
		B2CBF21B2800D5E30014BD9E /* tarefas.png in Resources */ = {isa = PBXBuildFile; fileRef = B2CBF21A2800D5E30014BD9E /* tarefas.png */; };
		B2CBF21D2800D8090014BD9E /* icon.png in Resources */ = {isa = PBXBuildFile; fileRef = B2CBF21C2800D8090014BD9E /* icon.png */; };
		B2E6DAA927FBB16700FEAD25 /* AppDelegate.swift in Sources */ = {isa = PBXBuildFile; fileRef = B2E6DAA827FBB16700FEAD25 /* AppDelegate.swift */; };
		B2E6DAAB27FBB16700FEAD25 /* SceneDelegate.swift in Sources */ = {isa = PBXBuildFile; fileRef = B2E6DAAA27FBB16700FEAD25 /* SceneDelegate.swift */; };
		B2E6DAAD27FBB16700FEAD25 /* NoteDetailVC.swift in Sources */ = {isa = PBXBuildFile; fileRef = B2E6DAAC27FBB16700FEAD25 /* NoteDetailVC.swift */; };
		B2E6DAB027FBB16700FEAD25 /* Main.storyboard in Resources */ = {isa = PBXBuildFile; fileRef = B2E6DAAE27FBB16700FEAD25 /* Main.storyboard */; };
		B2E6DAB327FBB16700FEAD25 /* NoteAppCoreData.xcdatamodeld in Sources */ = {isa = PBXBuildFile; fileRef = B2E6DAB127FBB16700FEAD25 /* NoteAppCoreData.xcdatamodeld */; };
		B2E6DAB527FBB16700FEAD25 /* Assets.xcassets in Resources */ = {isa = PBXBuildFile; fileRef = B2E6DAB427FBB16700FEAD25 /* Assets.xcassets */; };
		B2E6DAB827FBB16700FEAD25 /* LaunchScreen.storyboard in Resources */ = {isa = PBXBuildFile; fileRef = B2E6DAB627FBB16700FEAD25 /* LaunchScreen.storyboard */; };
		B2E6DAC227FBBDBC00FEAD25 /* NoteTableView.swift in Sources */ = {isa = PBXBuildFile; fileRef = B2E6DAC127FBBDBC00FEAD25 /* NoteTableView.swift */; };
		B2E6DAC427FBC7E800FEAD25 /* NoteCell.swift in Sources */ = {isa = PBXBuildFile; fileRef = B2E6DAC327FBC7E800FEAD25 /* NoteCell.swift */; };
		B2E6DAC627FBCDE100FEAD25 /* Note.swift in Sources */ = {isa = PBXBuildFile; fileRef = B2E6DAC527FBCDE100FEAD25 /* Note.swift */; };
/* End PBXBuildFile section */

/* Begin PBXFileReference section */
		B2CBF21A2800D5E30014BD9E /* tarefas.png */ = {isa = PBXFileReference; lastKnownFileType = image.png; name = tarefas.png; path = ../../Imagens/tarefas.png; sourceTree = "<group>"; };
		B2CBF21C2800D8090014BD9E /* icon.png */ = {isa = PBXFileReference; lastKnownFileType = image.png; name = icon.png; path = ../../../../Downloads/icon.png; sourceTree = "<group>"; };
		B2E6DAA527FBB16700FEAD25 /* NoteAppCoreData.app */ = {isa = PBXFileReference; explicitFileType = wrapper.application; includeInIndex = 0; path = NoteAppCoreData.app; sourceTree = BUILT_PRODUCTS_DIR; };
		B2E6DAA827FBB16700FEAD25 /* AppDelegate.swift */ = {isa = PBXFileReference; lastKnownFileType = sourcecode.swift; path = AppDelegate.swift; sourceTree = "<group>"; };
		B2E6DAAA27FBB16700FEAD25 /* SceneDelegate.swift */ = {isa = PBXFileReference; lastKnownFileType = sourcecode.swift; path = SceneDelegate.swift; sourceTree = "<group>"; };
		B2E6DAAC27FBB16700FEAD25 /* NoteDetailVC.swift */ = {isa = PBXFileReference; lastKnownFileType = sourcecode.swift; path = NoteDetailVC.swift; sourceTree = "<group>"; };
		B2E6DAAF27FBB16700FEAD25 /* Base */ = {isa = PBXFileReference; lastKnownFileType = file.storyboard; name = Base; path = Base.lproj/Main.storyboard; sourceTree = "<group>"; };
		B2E6DAB227FBB16700FEAD25 /* NoteAppCoreData.xcdatamodel */ = {isa = PBXFileReference; lastKnownFileType = wrapper.xcdatamodel; path = NoteAppCoreData.xcdatamodel; sourceTree = "<group>"; };
		B2E6DAB427FBB16700FEAD25 /* Assets.xcassets */ = {isa = PBXFileReference; lastKnownFileType = folder.assetcatalog; path = Assets.xcassets; sourceTree = "<group>"; };
		B2E6DAB727FBB16700FEAD25 /* Base */ = {isa = PBXFileReference; lastKnownFileType = file.storyboard; name = Base; path = Base.lproj/LaunchScreen.storyboard; sourceTree = "<group>"; };
		B2E6DAB927FBB16700FEAD25 /* Info.plist */ = {isa = PBXFileReference; lastKnownFileType = text.plist.xml; path = Info.plist; sourceTree = "<group>"; };
		B2E6DAC127FBBDBC00FEAD25 /* NoteTableView.swift */ = {isa = PBXFileReference; lastKnownFileType = sourcecode.swift; path = NoteTableView.swift; sourceTree = "<group>"; };
		B2E6DAC327FBC7E800FEAD25 /* NoteCell.swift */ = {isa = PBXFileReference; lastKnownFileType = sourcecode.swift; path = NoteCell.swift; sourceTree = "<group>"; };
		B2E6DAC527FBCDE100FEAD25 /* Note.swift */ = {isa = PBXFileReference; lastKnownFileType = sourcecode.swift; path = Note.swift; sourceTree = "<group>"; };
/* End PBXFileReference section */

/* Begin PBXFrameworksBuildPhase section */
		B2E6DAA227FBB16700FEAD25 /* Frameworks */ = {
			isa = PBXFrameworksBuildPhase;
			buildActionMask = 2147483647;
			files = (
			);
			runOnlyForDeploymentPostprocessing = 0;
		};
/* End PBXFrameworksBuildPhase section */

/* Begin PBXGroup section */
		B2E6DA9C27FBB16700FEAD25 = {
			isa = PBXGroup;
			children = (
				B2E6DAA727FBB16700FEAD25 /* NoteAppCoreData */,
				B2E6DAA627FBB16700FEAD25 /* Products */,
			);
			sourceTree = "<group>";
		};
		B2E6DAA627FBB16700FEAD25 /* Products */ = {
			isa = PBXGroup;
			children = (
				B2E6DAA527FBB16700FEAD25 /* NoteAppCoreData.app */,
			);
			name = Products;
			sourceTree = "<group>";
		};
		B2E6DAA727FBB16700FEAD25 /* NoteAppCoreData */ = {
			isa = PBXGroup;
			children = (
				B2E6DAA827FBB16700FEAD25 /* AppDelegate.swift */,
				B2E6DAAA27FBB16700FEAD25 /* SceneDelegate.swift */,
				B2E6DAAC27FBB16700FEAD25 /* NoteDetailVC.swift */,
				B2E6DAAE27FBB16700FEAD25 /* Main.storyboard */,
				B2E6DAC327FBC7E800FEAD25 /* NoteCell.swift */,
				B2E6DAC127FBBDBC00FEAD25 /* NoteTableView.swift */,
				B2E6DAC527FBCDE100FEAD25 /* Note.swift */,
				B2CBF21A2800D5E30014BD9E /* tarefas.png */,
				B2CBF21C2800D8090014BD9E /* icon.png */,
				B2E6DAB427FBB16700FEAD25 /* Assets.xcassets */,
				B2E6DAB627FBB16700FEAD25 /* LaunchScreen.storyboard */,
				B2E6DAB927FBB16700FEAD25 /* Info.plist */,
				B2E6DAB127FBB16700FEAD25 /* NoteAppCoreData.xcdatamodeld */,
			);
			path = NoteAppCoreData;
			sourceTree = "<group>";
		};
/* End PBXGroup section */

/* Begin PBXNativeTarget section */
		B2E6DAA427FBB16700FEAD25 /* NoteAppCoreData */ = {
			isa = PBXNativeTarget;
			buildConfigurationList = B2E6DABC27FBB16700FEAD25 /* Build configuration list for PBXNativeTarget "NoteAppCoreData" */;
			buildPhases = (
				B2E6DAA127FBB16700FEAD25 /* Sources */,
				B2E6DAA227FBB16700FEAD25 /* Frameworks */,
				B2E6DAA327FBB16700FEAD25 /* Resources */,
			);
			buildRules = (
			);
			dependencies = (
			);
			name = NoteAppCoreData;
			productName = NoteAppCoreData;
			productReference = B2E6DAA527FBB16700FEAD25 /* NoteAppCoreData.app */;
			productType = "com.apple.product-type.application";
		};
/* End PBXNativeTarget section */

/* Begin PBXProject section */
		B2E6DA9D27FBB16700FEAD25 /* Project object */ = {
			isa = PBXProject;
			attributes = {
				BuildIndependentTargetsInParallel = 1;
				LastSwiftUpdateCheck = 1330;
				LastUpgradeCheck = 1330;
				TargetAttributes = {
					B2E6DAA427FBB16700FEAD25 = {
						CreatedOnToolsVersion = 13.3;
					};
				};
			};
			buildConfigurationList = B2E6DAA027FBB16700FEAD25 /* Build configuration list for PBXProject "NoteAppCoreData" */;
			compatibilityVersion = "Xcode 13.0";
			developmentRegion = en;
			hasScannedForEncodings = 0;
			knownRegions = (
				en,
				Base,
			);
			mainGroup = B2E6DA9C27FBB16700FEAD25;
			productRefGroup = B2E6DAA627FBB16700FEAD25 /* Products */;
			projectDirPath = "";
			projectRoot = "";
			targets = (
				B2E6DAA427FBB16700FEAD25 /* NoteAppCoreData */,
			);
		};
/* End PBXProject section */

/* Begin PBXResourcesBuildPhase section */
		B2E6DAA327FBB16700FEAD25 /* Resources */ = {
			isa = PBXResourcesBuildPhase;
			buildActionMask = 2147483647;
			files = (
				B2CBF21B2800D5E30014BD9E /* tarefas.png in Resources */,
				B2CBF21D2800D8090014BD9E /* icon.png in Resources */,
				B2E6DAB827FBB16700FEAD25 /* LaunchScreen.storyboard in Resources */,
				B2E6DAB527FBB16700FEAD25 /* Assets.xcassets in Resources */,
				B2E6DAB027FBB16700FEAD25 /* Main.storyboard in Resources */,
			);
			runOnlyForDeploymentPostprocessing = 0;
		};
/* End PBXResourcesBuildPhase section */

/* Begin PBXSourcesBuildPhase section */
		B2E6DAA127FBB16700FEAD25 /* Sources */ = {
			isa = PBXSourcesBuildPhase;
			buildActionMask = 2147483647;
			files = (
				B2E6DAAD27FBB16700FEAD25 /* NoteDetailVC.swift in Sources */,
				B2E6DAC227FBBDBC00FEAD25 /* NoteTableView.swift in Sources */,
				B2E6DAC627FBCDE100FEAD25 /* Note.swift in Sources */,
				B2E6DAA927FBB16700FEAD25 /* AppDelegate.swift in Sources */,
				B2E6DAC427FBC7E800FEAD25 /* NoteCell.swift in Sources */,
				B2E6DAB327FBB16700FEAD25 /* NoteAppCoreData.xcdatamodeld in Sources */,
				B2E6DAAB27FBB16700FEAD25 /* SceneDelegate.swift in Sources */,
			);
			runOnlyForDeploymentPostprocessing = 0;
		};
/* End PBXSourcesBuildPhase section */

/* Begin PBXVariantGroup section */
		B2E6DAAE27FBB16700FEAD25 /* Main.storyboard */ = {
			isa = PBXVariantGroup;
			children = (
				B2E6DAAF27FBB16700FEAD25 /* Base */,
			);
			name = Main.storyboard;
			sourceTree = "<group>";
		};
		B2E6DAB627FBB16700FEAD25 /* LaunchScreen.storyboard */ = {
			isa = PBXVariantGroup;
			children = (
				B2E6DAB727FBB16700FEAD25 /* Base */,
			);
			name = LaunchScreen.storyboard;
			sourceTree = "<group>";
		};
/* End PBXVariantGroup section */

/* Begin XCBuildConfiguration section */
		B2E6DABA27FBB16700FEAD25 /* Debug */ = {
			isa = XCBuildConfiguration;
			buildSettings = {
				ALWAYS_SEARCH_USER_PATHS = NO;
				CLANG_ANALYZER_NONNULL = YES;
				CLANG_ANALYZER_NUMBER_OBJECT_CONVERSION = YES_AGGRESSIVE;
				CLANG_CXX_LANGUAGE_STANDARD = "gnu++17";
				CLANG_ENABLE_MODULES = YES;
				CLANG_ENABLE_OBJC_ARC = YES;
				CLANG_ENABLE_OBJC_WEAK = YES;
				CLANG_WARN_BLOCK_CAPTURE_AUTORELEASING = YES;
				CLANG_WARN_BOOL_CONVERSION = YES;
				CLANG_WARN_COMMA = YES;
				CLANG_WARN_CONSTANT_CONVERSION = YES;
				CLANG_WARN_DEPRECATED_OBJC_IMPLEMENTATIONS = YES;
				CLANG_WARN_DIRECT_OBJC_ISA_USAGE = YES_ERROR;
				CLANG_WARN_DOCUMENTATION_COMMENTS = YES;
				CLANG_WARN_EMPTY_BODY = YES;
				CLANG_WARN_ENUM_CONVERSION = YES;
				CLANG_WARN_INFINITE_RECURSION = YES;
				CLANG_WARN_INT_CONVERSION = YES;
				CLANG_WARN_NON_LITERAL_NULL_CONVERSION = YES;
				CLANG_WARN_OBJC_IMPLICIT_RETAIN_SELF = YES;
				CLANG_WARN_OBJC_LITERAL_CONVERSION = YES;
				CLANG_WARN_OBJC_ROOT_CLASS = YES_ERROR;
				CLANG_WARN_QUOTED_INCLUDE_IN_FRAMEWORK_HEADER = YES;
				CLANG_WARN_RANGE_LOOP_ANALYSIS = YES;
				CLANG_WARN_STRICT_PROTOTYPES = YES;
				CLANG_WARN_SUSPICIOUS_MOVE = YES;
				CLANG_WARN_UNGUARDED_AVAILABILITY = YES_AGGRESSIVE;
				CLANG_WARN_UNREACHABLE_CODE = YES;
				CLANG_WARN__DUPLICATE_METHOD_MATCH = YES;
				COPY_PHASE_STRIP = NO;
				DEBUG_INFORMATION_FORMAT = dwarf;
				ENABLE_STRICT_OBJC_MSGSEND = YES;
				ENABLE_TESTABILITY = YES;
				GCC_C_LANGUAGE_STANDARD = gnu11;
				GCC_DYNAMIC_NO_PIC = NO;
				GCC_NO_COMMON_BLOCKS = YES;
				GCC_OPTIMIZATION_LEVEL = 0;
				GCC_PREPROCESSOR_DEFINITIONS = (
					"DEBUG=1",
					"$(inherited)",
				);
				GCC_WARN_64_TO_32_BIT_CONVERSION = YES;
				GCC_WARN_ABOUT_RETURN_TYPE = YES_ERROR;
				GCC_WARN_UNDECLARED_SELECTOR = YES;
				GCC_WARN_UNINITIALIZED_AUTOS = YES_AGGRESSIVE;
				GCC_WARN_UNUSED_FUNCTION = YES;
				GCC_WARN_UNUSED_VARIABLE = YES;
				IPHONEOS_DEPLOYMENT_TARGET = 15.4;
				MTL_ENABLE_DEBUG_INFO = INCLUDE_SOURCE;
				MTL_FAST_MATH = YES;
				ONLY_ACTIVE_ARCH = YES;
				SDKROOT = iphoneos;
				SWIFT_ACTIVE_COMPILATION_CONDITIONS = DEBUG;
				SWIFT_OPTIMIZATION_LEVEL = "-Onone";
			};
			name = Debug;
		};
		B2E6DABB27FBB16700FEAD25 /* Release */ = {
			isa = XCBuildConfiguration;
			buildSettings = {
				ALWAYS_SEARCH_USER_PATHS = NO;
				CLANG_ANALYZER_NONNULL = YES;
				CLANG_ANALYZER_NUMBER_OBJECT_CONVERSION = YES_AGGRESSIVE;
				CLANG_CXX_LANGUAGE_STANDARD = "gnu++17";
				CLANG_ENABLE_MODULES = YES;
				CLANG_ENABLE_OBJC_ARC = YES;
				CLANG_ENABLE_OBJC_WEAK = YES;
				CLANG_WARN_BLOCK_CAPTURE_AUTORELEASING = YES;
				CLANG_WARN_BOOL_CONVERSION = YES;
				CLANG_WARN_COMMA = YES;
				CLANG_WARN_CONSTANT_CONVERSION = YES;
				CLANG_WARN_DEPRECATED_OBJC_IMPLEMENTATIONS = YES;
				CLANG_WARN_DIRECT_OBJC_ISA_USAGE = YES_ERROR;
				CLANG_WARN_DOCUMENTATION_COMMENTS = YES;
				CLANG_WARN_EMPTY_BODY = YES;
				CLANG_WARN_ENUM_CONVERSION = YES;
				CLANG_WARN_INFINITE_RECURSION = YES;
				CLANG_WARN_INT_CONVERSION = YES;
				CLANG_WARN_NON_LITERAL_NULL_CONVERSION = YES;
				CLANG_WARN_OBJC_IMPLICIT_RETAIN_SELF = YES;
				CLANG_WARN_OBJC_LITERAL_CONVERSION = YES;
				CLANG_WARN_OBJC_ROOT_CLASS = YES_ERROR;
				CLANG_WARN_QUOTED_INCLUDE_IN_FRAMEWORK_HEADER = YES;
				CLANG_WARN_RANGE_LOOP_ANALYSIS = YES;
				CLANG_WARN_STRICT_PROTOTYPES = YES;
				CLANG_WARN_SUSPICIOUS_MOVE = YES;
				CLANG_WARN_UNGUARDED_AVAILABILITY = YES_AGGRESSIVE;
				CLANG_WARN_UNREACHABLE_CODE = YES;
				CLANG_WARN__DUPLICATE_METHOD_MATCH = YES;
				COPY_PHASE_STRIP = NO;
				DEBUG_INFORMATION_FORMAT = "dwarf-with-dsym";
				ENABLE_NS_ASSERTIONS = NO;
				ENABLE_STRICT_OBJC_MSGSEND = YES;
				GCC_C_LANGUAGE_STANDARD = gnu11;
				GCC_NO_COMMON_BLOCKS = YES;
				GCC_WARN_64_TO_32_BIT_CONVERSION = YES;
				GCC_WARN_ABOUT_RETURN_TYPE = YES_ERROR;
				GCC_WARN_UNDECLARED_SELECTOR = YES;
				GCC_WARN_UNINITIALIZED_AUTOS = YES_AGGRESSIVE;
				GCC_WARN_UNUSED_FUNCTION = YES;
				GCC_WARN_UNUSED_VARIABLE = YES;
				IPHONEOS_DEPLOYMENT_TARGET = 15.4;
				MTL_ENABLE_DEBUG_INFO = NO;
				MTL_FAST_MATH = YES;
				SDKROOT = iphoneos;
				SWIFT_COMPILATION_MODE = wholemodule;
				SWIFT_OPTIMIZATION_LEVEL = "-O";
				VALIDATE_PRODUCT = YES;
			};
			name = Release;
		};
		B2E6DABD27FBB16700FEAD25 /* Debug */ = {
			isa = XCBuildConfiguration;
			buildSettings = {
				ASSETCATALOG_COMPILER_APPICON_NAME = AppIcon;
				ASSETCATALOG_COMPILER_GLOBAL_ACCENT_COLOR_NAME = AccentColor;
				CODE_SIGN_STYLE = Automatic;
				CURRENT_PROJECT_VERSION = 1;
				DEVELOPMENT_TEAM = RZ9B2K5VCK;
				GENERATE_INFOPLIST_FILE = YES;
				INFOPLIST_FILE = NoteAppCoreData/Info.plist;
				INFOPLIST_KEY_UIApplicationSupportsIndirectInputEvents = YES;
				INFOPLIST_KEY_UILaunchStoryboardName = LaunchScreen;
				INFOPLIST_KEY_UIMainStoryboardFile = Main;
				INFOPLIST_KEY_UISupportedInterfaceOrientations_iPad = "UIInterfaceOrientationPortrait UIInterfaceOrientationPortraitUpsideDown UIInterfaceOrientationLandscapeLeft UIInterfaceOrientationLandscapeRight";
				INFOPLIST_KEY_UISupportedInterfaceOrientations_iPhone = "UIInterfaceOrientationPortrait UIInterfaceOrientationLandscapeLeft UIInterfaceOrientationLandscapeRight";
				LD_RUNPATH_SEARCH_PATHS = (
					"$(inherited)",
					"@executable_path/Frameworks",
				);
				MARKETING_VERSION = 1.0;
				PRODUCT_BUNDLE_IDENTIFIER = br.combrq.NoteAppCoreData;
				PRODUCT_NAME = "$(TARGET_NAME)";
				SWIFT_EMIT_LOC_STRINGS = YES;
				SWIFT_VERSION = 5.0;
				TARGETED_DEVICE_FAMILY = "1,2";
			};
			name = Debug;
		};
		B2E6DABE27FBB16700FEAD25 /* Release */ = {
			isa = XCBuildConfiguration;
			buildSettings = {
				ASSETCATALOG_COMPILER_APPICON_NAME = AppIcon;
				ASSETCATALOG_COMPILER_GLOBAL_ACCENT_COLOR_NAME = AccentColor;
				CODE_SIGN_STYLE = Automatic;
				CURRENT_PROJECT_VERSION = 1;
				DEVELOPMENT_TEAM = RZ9B2K5VCK;
				GENERATE_INFOPLIST_FILE = YES;
				INFOPLIST_FILE = NoteAppCoreData/Info.plist;
				INFOPLIST_KEY_UIApplicationSupportsIndirectInputEvents = YES;
				INFOPLIST_KEY_UILaunchStoryboardName = LaunchScreen;
				INFOPLIST_KEY_UIMainStoryboardFile = Main;
				INFOPLIST_KEY_UISupportedInterfaceOrientations_iPad = "UIInterfaceOrientationPortrait UIInterfaceOrientationPortraitUpsideDown UIInterfaceOrientationLandscapeLeft UIInterfaceOrientationLandscapeRight";
				INFOPLIST_KEY_UISupportedInterfaceOrientations_iPhone = "UIInterfaceOrientationPortrait UIInterfaceOrientationLandscapeLeft UIInterfaceOrientationLandscapeRight";
				LD_RUNPATH_SEARCH_PATHS = (
					"$(inherited)",
					"@executable_path/Frameworks",
				);
				MARKETING_VERSION = 1.0;
				PRODUCT_BUNDLE_IDENTIFIER = br.combrq.NoteAppCoreData;
				PRODUCT_NAME = "$(TARGET_NAME)";
				SWIFT_EMIT_LOC_STRINGS = YES;
				SWIFT_VERSION = 5.0;
				TARGETED_DEVICE_FAMILY = "1,2";
			};
			name = Release;
		};
/* End XCBuildConfiguration section */

/* Begin XCConfigurationList section */
		B2E6DAA027FBB16700FEAD25 /* Build configuration list for PBXProject "NoteAppCoreData" */ = {
			isa = XCConfigurationList;
			buildConfigurations = (
				B2E6DABA27FBB16700FEAD25 /* Debug */,
				B2E6DABB27FBB16700FEAD25 /* Release */,
			);
			defaultConfigurationIsVisible = 0;
			defaultConfigurationName = Release;
		};
		B2E6DABC27FBB16700FEAD25 /* Build configuration list for PBXNativeTarget "NoteAppCoreData" */ = {
			isa = XCConfigurationList;
			buildConfigurations = (
				B2E6DABD27FBB16700FEAD25 /* Debug */,
				B2E6DABE27FBB16700FEAD25 /* Release */,
			);
			defaultConfigurationIsVisible = 0;
			defaultConfigurationName = Release;
		};
/* End XCConfigurationList section */

/* Begin XCVersionGroup section */
		B2E6DAB127FBB16700FEAD25 /* NoteAppCoreData.xcdatamodeld */ = {
			isa = XCVersionGroup;
			children = (
				B2E6DAB227FBB16700FEAD25 /* NoteAppCoreData.xcdatamodel */,
			);
			currentVersion = B2E6DAB227FBB16700FEAD25 /* NoteAppCoreData.xcdatamodel */;
			path = NoteAppCoreData.xcdatamodeld;
			sourceTree = "<group>";
			versionGroupType = wrapper.xcdatamodel;
		};
/* End XCVersionGroup section */
	};
	rootObject = B2E6DA9D27FBB16700FEAD25 /* Project object */;
}
